PODS:
  - Expecta (1.0.6)
  - SeedSegmentedView (0.1.0)
  - Specta (1.0.7)

DEPENDENCIES:
  - Expecta
  - SeedSegmentedView (from `../`)
  - Specta

SPEC REPOS:
  trunk:
    - Expecta
    - Specta

EXTERNAL SOURCES:
  SeedSegmentedView:
    :path: "../"

SPEC CHECKSUMS:
  Expecta: 3b6bd90a64b9a1dcb0b70aa0e10a7f8f631667d5
  SeedSegmentedView: 4131e696e8c002f8230b15d6b0a5b6156c75c306
  Specta: 3e1bd89c3517421982dc4d1c992503e48bd5fe66

PODFILE CHECKSUM: 0b98c80ab340f03ca84dde7e5bcd12513ebfd81c

COCOAPODS: 1.9.1
